
Microsoft Visual Studio Solution File, Format Version 12.00
# Visual Studio Version 17
VisualStudioVersion = 17.0.31903.59
MinimumVisualStudioVersion = 10.0.40219.1
Project("{2150E333-8FDC-42A3-9474-1A3956D46DE8}") = "src", "src", "{9859F466-C769-42AC-B93A-9B8E18F4D170}"
EndProject
Project("{FAE04EC0-301F-11D3-BF4B-00C04F79EFBC}") = "TwelveDataTask", "src\TwelveDataTask\TwelveDataTask.csproj", "{0F8A7339-BE4D-425B-9BE1-8284A7A2D14C}"
EndProject
Global
	GlobalSection(SolutionConfigurationPlatforms) = preSolution
		Debug|Any CPU = Debug|Any CPU
		Release|Any CPU = Release|Any CPU
	EndGlobalSection
	GlobalSection(SolutionProperties) = preSolution
		HideSolutionNode = FALSE
	EndGlobalSection
	GlobalSection(ProjectConfigurationPlatforms) = postSolution
		{0F8A7339-BE4D-425B-9BE1-8284A7A2D14C}.Debug|Any CPU.ActiveCfg = Debug|Any CPU
		{0F8A7339-BE4D-425B-9BE1-8284A7A2D14C}.Debug|Any CPU.Build.0 = Debug|Any CPU
		{0F8A7339-BE4D-425B-9BE1-8284A7A2D14C}.Release|Any CPU.ActiveCfg = Release|Any CPU
		{0F8A7339-BE4D-425B-9BE1-8284A7A2D14C}.Release|Any CPU.Build.0 = Release|Any CPU
	EndGlobalSection
	GlobalSection(NestedProjects) = preSolution
		{0F8A7339-BE4D-425B-9BE1-8284A7A2D14C} = {9859F466-C769-42AC-B93A-9B8E18F4D170}
	EndGlobalSection
EndGlobal
